
Microsoft Visual Studio Solution File, Format Version 12.00
# Visual Studio Version 17
VisualStudioVersion = 17.13.35931.197 d17.13
MinimumVisualStudioVersion = 10.0.40219.1
Project("{8BC9CEB8-8B4A-11D0-8D11-00A0C91BC942}") = "GUI1", "GUI1\GUI1.vcxproj", "{6AD508C8-9C04-4A68-8E09-35C8EB1AFA74}"
EndProject
Global
	GlobalSection(SolutionConfigurationPlatforms) = preSolution
		Debug|x64 = Debug|x64
		Release|x64 = Release|x64
	EndGlobalSection
	GlobalSection(ProjectConfigurationPlatforms) = postSolution
		{6AD508C8-9C04-4A68-8E09-35C8EB1AFA74}.Debug|x64.ActiveCfg = Debug|x64
		{6AD508C8-9C04-4A68-8E09-35C8EB1AFA74}.Debug|x64.Build.0 = Debug|x64
		{6AD508C8-9C04-4A68-8E09-35C8EB1AFA74}.Release|x64.ActiveCfg = Release|x64
		{6AD508C8-9C04-4A68-8E09-35C8EB1AFA74}.Release|x64.Build.0 = Release|x64
	EndGlobalSection
	GlobalSection(SolutionProperties) = preSolution
		HideSolutionNode = FALSE
	EndGlobalSection
	GlobalSection(ExtensibilityGlobals) = postSolution
		SolutionGuid = {070C05E6-17D4-41AC-9C26-317FF1E1439C}
	EndGlobalSection
EndGlobal
